Microsoft Visual Studio Solution File, Format Version 12.00
# Visual Studio Version 17
VisualStudioVersion = 17.5.002.0
MinimumVisualStudioVersion = 10.0.40219.1
Project("{9A19103F-16F7-4668-BE54-9A1E7A4F7556}") = "Exam_UNit_3", "Exam_UNit_3.csproj"", "{67B96E96-BDF7-4AEC-ADD7-D19D9F9525AC}"
EndProject
Global
	GlobalSection(SolutionConfigurationPlatforms) = preSolution
		Debug|Any CPU = Debug|Any CPU
		Release|Any CPU = Release|Any CPU
	EndGlobalSection
	GlobalSection(ProjectConfigurationPlatforms) = postSolution
		{67B96E96-BDF7-4AEC-ADD7-D19D9F9525AC}.Debug|Any CPU.ActiveCfg = Debug|Any CPU
		{67B96E96-BDF7-4AEC-ADD7-D19D9F9525AC}.Debug|Any CPU.Build.0 = Debug|Any CPU
		{67B96E96-BDF7-4AEC-ADD7-D19D9F9525AC}.Release|Any CPU.ActiveCfg = Release|Any CPU
		{67B96E96-BDF7-4AEC-ADD7-D19D9F9525AC}.Release|Any CPU.Build.0 = Release|Any CPU
	EndGlobalSection
	GlobalSection(SolutionProperties) = preSolution
		HideSolutionNode = FALSE
	EndGlobalSection
	GlobalSection(ExtensibilityGlobals) = postSolution
		SolutionGuid = {CEC39D9B-0C8B-441B-A3B3-91CC44F7E21F}
	EndGlobalSection
EndGlobal